
Microsoft Visual Studio Solution File, Format Version 12.00
# Visual Studio Version 17
VisualStudioVersion = 17.5.33530.505
MinimumVisualStudioVersion = 10.0.40219.1
Project("{FAE04EC0-301F-11D3-BF4B-00C04F79EFBC}") = "Calculator", "Calculator\Calculator.csproj", "{77E4513A-FC9C-4900-B3F7-20EA946C8DEB}"
EndProject
Global
	GlobalSection(SolutionConfigurationPlatforms) = preSolution
		Debug|Any CPU = Debug|Any CPU
		Release|Any CPU = Release|Any CPU
	EndGlobalSection
	GlobalSection(ProjectConfigurationPlatforms) = postSolution
		{77E4513A-FC9C-4900-B3F7-20EA946C8DEB}.Debug|Any CPU.ActiveCfg = Debug|Any CPU
		{77E4513A-FC9C-4900-B3F7-20EA946C8DEB}.Debug|Any CPU.Build.0 = Debug|Any CPU
		{77E4513A-FC9C-4900-B3F7-20EA946C8DEB}.Release|Any CPU.ActiveCfg = Release|Any CPU
		{77E4513A-FC9C-4900-B3F7-20EA946C8DEB}.Release|Any CPU.Build.0 = Release|Any CPU
	EndGlobalSection
	GlobalSection(SolutionProperties) = preSolution
		HideSolutionNode = FALSE
	EndGlobalSection
	GlobalSection(ExtensibilityGlobals) = postSolution
		SolutionGuid = {1CFCD40A-537D-4F28-ABD3-BFDF9A9F14C8}
	EndGlobalSection
EndGlobal
